
Microsoft Visual Studio Solution File, Format Version 12.00
# Visual Studio Version 17
VisualStudioVersion = 17.13.35919.96 d17.13
MinimumVisualStudioVersion = 10.0.40219.1
Project("{FAE04EC0-301F-11D3-BF4B-00C04F79EFBC}") = "Crypto-Box", "Crypto-Box.csproj", "{133F509B-9BB6-4E03-8584-5DE1174CF1CD}"
EndProject
Global
	GlobalSection(SolutionConfigurationPlatforms) = preSolution
		Debug|Any CPU = Debug|Any CPU
		Release|Any CPU = Release|Any CPU
	EndGlobalSection
	GlobalSection(ProjectConfigurationPlatforms) = postSolution
		{133F509B-9BB6-4E03-8584-5DE1174CF1CD}.Debug|Any CPU.ActiveCfg = Debug|Any CPU
		{133F509B-9BB6-4E03-8584-5DE1174CF1CD}.Debug|Any CPU.Build.0 = Debug|Any CPU
		{133F509B-9BB6-4E03-8584-5DE1174CF1CD}.Release|Any CPU.ActiveCfg = Release|Any CPU
		{133F509B-9BB6-4E03-8584-5DE1174CF1CD}.Release|Any CPU.Build.0 = Release|Any CPU
	EndGlobalSection
	GlobalSection(SolutionProperties) = preSolution
		HideSolutionNode = FALSE
	EndGlobalSection
	GlobalSection(ExtensibilityGlobals) = postSolution
		SolutionGuid = {CE6D387E-9EC6-4734-8DF8-2306F38D3A37}
	EndGlobalSection
EndGlobal
