
Microsoft Visual Studio Solution File, Format Version 12.00
# Visual Studio Version 17
VisualStudioVersion = 17.13.35919.96 d17.13
MinimumVisualStudioVersion = 10.0.40219.1
Project("{F2A71F9B-5D33-465A-A702-920D77279786}") = "Crypto-Box", "Crypto-Box.fsproj", "{4FDA4A4C-2C45-4D6F-8062-7769CB2554EB}"
EndProject
Global
	GlobalSection(SolutionConfigurationPlatforms) = preSolution
		Debug|Any CPU = Debug|Any CPU
		Release|Any CPU = Release|Any CPU
	EndGlobalSection
	GlobalSection(ProjectConfigurationPlatforms) = postSolution
		{4FDA4A4C-2C45-4D6F-8062-7769CB2554EB}.Debug|Any CPU.ActiveCfg = Debug|Any CPU
		{4FDA4A4C-2C45-4D6F-8062-7769CB2554EB}.Debug|Any CPU.Build.0 = Debug|Any CPU
		{4FDA4A4C-2C45-4D6F-8062-7769CB2554EB}.Release|Any CPU.ActiveCfg = Release|Any CPU
		{4FDA4A4C-2C45-4D6F-8062-7769CB2554EB}.Release|Any CPU.Build.0 = Release|Any CPU
	EndGlobalSection
	GlobalSection(SolutionProperties) = preSolution
		HideSolutionNode = FALSE
	EndGlobalSection
	GlobalSection(ExtensibilityGlobals) = postSolution
		SolutionGuid = {A46E497E-ECF9-4696-BCFA-92D14698A757}
	EndGlobalSection
EndGlobal
