
Microsoft Visual Studio Solution File, Format Version 12.00
# Visual Studio Version 17
VisualStudioVersion = 17.13.35919.96 d17.13
MinimumVisualStudioVersion = 10.0.40219.1
Project("{FAE04EC0-301F-11D3-BF4B-00C04F79EFBC}") = "HelloWorldWebApp", "HelloWorldWebApp.csproj", "{E28CCA22-C34E-4B4A-8E31-3CAFEC85F47D}"
EndProject
Global
	GlobalSection(SolutionConfigurationPlatforms) = preSolution
		Debug|Any CPU = Debug|Any CPU
		Release|Any CPU = Release|Any CPU
	EndGlobalSection
	GlobalSection(ProjectConfigurationPlatforms) = postSolution
		{E28CCA22-C34E-4B4A-8E31-3CAFEC85F47D}.Debug|Any CPU.ActiveCfg = Debug|Any CPU
		{E28CCA22-C34E-4B4A-8E31-3CAFEC85F47D}.Debug|Any CPU.Build.0 = Debug|Any CPU
		{E28CCA22-C34E-4B4A-8E31-3CAFEC85F47D}.Release|Any CPU.ActiveCfg = Release|Any CPU
		{E28CCA22-C34E-4B4A-8E31-3CAFEC85F47D}.Release|Any CPU.Build.0 = Release|Any CPU
	EndGlobalSection
	GlobalSection(SolutionProperties) = preSolution
		HideSolutionNode = FALSE
	EndGlobalSection
	GlobalSection(ExtensibilityGlobals) = postSolution
		SolutionGuid = {200DE1AA-1E21-4E20-B970-75E4BC9E6182}
	EndGlobalSection
EndGlobal
